
Microsoft Visual Studio Solution File, Format Version 12.00
# Visual Studio Version 16
VisualStudioVersion = 16.0.30011.22
MinimumVisualStudioVersion = 10.0.40219.1
Project("{9A19103F-16F7-4668-BE54-9A1E7A4F7556}") = "compile.me.api", "compile.me.api\compile.me.api.csproj", "{5C709D7A-75C3-4833-8045-3855CB89BACB}"
EndProject
Project("{9A19103F-16F7-4668-BE54-9A1E7A4F7556}") = "compile.me.worker.service", "compile.me.worker.service\compile.me.worker.service.csproj", "{C67A0128-D281-4373-BC41-C6BE271EAEE8}"
EndProject
Project("{9A19103F-16F7-4668-BE54-9A1E7A4F7556}") = "compile.me.shared", "compile.me.shared\compile.me.shared.csproj", "{55691DE4-AC77-4E26-AA4A-B0C8BCD26771}"
EndProject
Project("{9A19103F-16F7-4668-BE54-9A1E7A4F7556}") = "Compile.Me.Worker.Management", "Compile.Me.Worker.Management\Compile.Me.Worker.Management.csproj", "{8B2D1F80-7E33-41D0-AAD6-EFEAE1F84DF2}"
EndProject
Project("{E53339B2-1760-4266-BCC7-CA923CBCF16C}") = "docker-compose", "docker-compose.dcproj", "{7CF53BC1-436D-4EA3-B20A-3B45325EB4C8}"
EndProject
Project("{FAE04EC0-301F-11D3-BF4B-00C04F79EFBC}") = "Docker.DotNet", "Docker.DotNet\Docker.DotNet\Docker.DotNet.csproj", "{21C332BB-1577-402E-93C7-3F5EFCE551E8}"
EndProject
Global
	GlobalSection(SolutionConfigurationPlatforms) = preSolution
		Debug|Any CPU = Debug|Any CPU
		Release|Any CPU = Release|Any CPU
	EndGlobalSection
	GlobalSection(ProjectConfigurationPlatforms) = postSolution
		{5C709D7A-75C3-4833-8045-3855CB89BACB}.Debug|Any CPU.ActiveCfg = Debug|Any CPU
		{5C709D7A-75C3-4833-8045-3855CB89BACB}.Debug|Any CPU.Build.0 = Debug|Any CPU
		{5C709D7A-75C3-4833-8045-3855CB89BACB}.Release|Any CPU.ActiveCfg = Release|Any CPU
		{5C709D7A-75C3-4833-8045-3855CB89BACB}.Release|Any CPU.Build.0 = Release|Any CPU
		{C67A0128-D281-4373-BC41-C6BE271EAEE8}.Debug|Any CPU.ActiveCfg = Debug|Any CPU
		{C67A0128-D281-4373-BC41-C6BE271EAEE8}.Debug|Any CPU.Build.0 = Debug|Any CPU
		{C67A0128-D281-4373-BC41-C6BE271EAEE8}.Release|Any CPU.ActiveCfg = Release|Any CPU
		{C67A0128-D281-4373-BC41-C6BE271EAEE8}.Release|Any CPU.Build.0 = Release|Any CPU
		{55691DE4-AC77-4E26-AA4A-B0C8BCD26771}.Debug|Any CPU.ActiveCfg = Debug|Any CPU
		{55691DE4-AC77-4E26-AA4A-B0C8BCD26771}.Debug|Any CPU.Build.0 = Debug|Any CPU
		{55691DE4-AC77-4E26-AA4A-B0C8BCD26771}.Release|Any CPU.ActiveCfg = Release|Any CPU
		{55691DE4-AC77-4E26-AA4A-B0C8BCD26771}.Release|Any CPU.Build.0 = Release|Any CPU
		{8B2D1F80-7E33-41D0-AAD6-EFEAE1F84DF2}.Debug|Any CPU.ActiveCfg = Debug|Any CPU
		{8B2D1F80-7E33-41D0-AAD6-EFEAE1F84DF2}.Debug|Any CPU.Build.0 = Debug|Any CPU
		{8B2D1F80-7E33-41D0-AAD6-EFEAE1F84DF2}.Release|Any CPU.ActiveCfg = Release|Any CPU
		{8B2D1F80-7E33-41D0-AAD6-EFEAE1F84DF2}.Release|Any CPU.Build.0 = Release|Any CPU
		{7CF53BC1-436D-4EA3-B20A-3B45325EB4C8}.Debug|Any CPU.ActiveCfg = Debug|Any CPU
		{7CF53BC1-436D-4EA3-B20A-3B45325EB4C8}.Debug|Any CPU.Build.0 = Debug|Any CPU
		{7CF53BC1-436D-4EA3-B20A-3B45325EB4C8}.Release|Any CPU.ActiveCfg = Release|Any CPU
		{7CF53BC1-436D-4EA3-B20A-3B45325EB4C8}.Release|Any CPU.Build.0 = Release|Any CPU
		{21C332BB-1577-402E-93C7-3F5EFCE551E8}.Debug|Any CPU.ActiveCfg = Debug|Any CPU
		{21C332BB-1577-402E-93C7-3F5EFCE551E8}.Debug|Any CPU.Build.0 = Debug|Any CPU
		{21C332BB-1577-402E-93C7-3F5EFCE551E8}.Release|Any CPU.ActiveCfg = Release|Any CPU
		{21C332BB-1577-402E-93C7-3F5EFCE551E8}.Release|Any CPU.Build.0 = Release|Any CPU
	EndGlobalSection
	GlobalSection(SolutionProperties) = preSolution
		HideSolutionNode = FALSE
	EndGlobalSection
	GlobalSection(ExtensibilityGlobals) = postSolution
		SolutionGuid = {DF8B4C69-9EBA-478E-9680-51CF02AEC08C}
	EndGlobalSection
EndGlobal
